// !$*UTF8*$!
{
	archiveVersion = 1;
	classes = {
	};
	objectVersion = 46;
	objects = {

/* Begin PBXBuildFile section */
		0974BC701ACB3DE800A50630 /* SparkWebview.m in Sources */ = {isa = PBXBuildFile; fileRef = 0974BC6D1ACB3DE800A50630 /* SparkWebview.m */; };
		0974BC711ACB3DE800A50630 /* ViewController.m in Sources */ = {isa = PBXBuildFile; fileRef = 0974BC6F1ACB3DE800A50630 /* ViewController.m */; };
		09AA52A31AABD73C005E3603 /* main.m in Sources */ = {isa = PBXBuildFile; fileRef = 09AA52A21AABD73C005E3603 /* main.m */; };
		09AA52A61AABD73C005E3603 /* AppDelegate.m in Sources */ = {isa = PBXBuildFile; fileRef = 09AA52A51AABD73C005E3603 /* AppDelegate.m */; };
		09AA52AC1AABD73C005E3603 /* Main.storyboard in Resources */ = {isa = PBXBuildFile; fileRef = 09AA52AA1AABD73C005E3603 /* Main.storyboard */; };
		09AA52AE1AABD73C005E3603 /* Images.xcassets in Resources */ = {isa = PBXBuildFile; fileRef = 09AA52AD1AABD73C005E3603 /* Images.xcassets */; };
		09AA52B11AABD73C005E3603 /* LaunchScreen.xib in Resources */ = {isa = PBXBuildFile; fileRef = 09AA52AF1AABD73C005E3603 /* LaunchScreen.xib */; };
		09AA52BD1AABD73C005E3603 /* spark_webviewTests.m in Sources */ = {isa = PBXBuildFile; fileRef = 09AA52BC1AABD73C005E3603 /* spark_webviewTests.m */; };
/* End PBXBuildFile section */

/* Begin PBXContainerItemProxy section */
		09AA52B71AABD73C005E3603 /* PBXContainerItemProxy */ = {
			isa = PBXContainerItemProxy;
			containerPortal = 09AA52951AABD73C005E3603 /* Project object */;
			proxyType = 1;
			remoteGlobalIDString = 09AA529C1AABD73C005E3603;
			remoteInfo = "spark-webview";
		};
/* End PBXContainerItemProxy section */

/* Begin PBXFileReference section */
		0974BC6C1ACB3DE800A50630 /* SparkWebview.h */ = {isa = PBXFileReference; fileEncoding = 4; lastKnownFileType = sourcecode.c.h; path = SparkWebview.h; sourceTree = "<group>"; };
		0974BC6D1ACB3DE800A50630 /* SparkWebview.m */ = {isa = PBXFileReference; fileEncoding = 4; lastKnownFileType = sourcecode.c.objc; path = SparkWebview.m; sourceTree = "<group>"; };
		0974BC6E1ACB3DE800A50630 /* ViewController.h */ = {isa = PBXFileReference; fileEncoding = 4; lastKnownFileType = sourcecode.c.h; path = ViewController.h; sourceTree = "<group>"; };
		0974BC6F1ACB3DE800A50630 /* ViewController.m */ = {isa = PBXFileReference; fileEncoding = 4; lastKnownFileType = sourcecode.c.objc; path = ViewController.m; sourceTree = "<group>"; };
		09AA529D1AABD73C005E3603 /* spark-webview.app */ = {isa = PBXFileReference; explicitFileType = wrapper.application; includeInIndex = 0; path = "spark-webview.app"; sourceTree = BUILT_PRODUCTS_DIR; };
		09AA52A11AABD73C005E3603 /* Info.plist */ = {isa = PBXFileReference; lastKnownFileType = text.plist.xml; path = Info.plist; sourceTree = "<group>"; };
		09AA52A21AABD73C005E3603 /* main.m */ = {isa = PBXFileReference; lastKnownFileType = sourcecode.c.objc; path = main.m; sourceTree = "<group>"; };
		09AA52A41AABD73C005E3603 /* AppDelegate.h */ = {isa = PBXFileReference; lastKnownFileType = sourcecode.c.h; path = AppDelegate.h; sourceTree = "<group>"; };
		09AA52A51AABD73C005E3603 /* AppDelegate.m */ = {isa = PBXFileReference; lastKnownFileType = sourcecode.c.objc; path = AppDelegate.m; sourceTree = "<group>"; };
		09AA52AB1AABD73C005E3603 /* Base */ = {isa = PBXFileReference; lastKnownFileType = file.storyboard; name = Base; path = Base.lproj/Main.storyboard; sourceTree = "<group>"; };
		09AA52AD1AABD73C005E3603 /* Images.xcassets */ = {isa = PBXFileReference; lastKnownFileType = folder.assetcatalog; path = Images.xcassets; sourceTree = "<group>"; };
		09AA52B01AABD73C005E3603 /* Base */ = {isa = PBXFileReference; lastKnownFileType = file.xib; name = Base; path = Base.lproj/LaunchScreen.xib; sourceTree = "<group>"; };
		09AA52B61AABD73C005E3603 /* spark-webviewTests.xctest */ = {isa = PBXFileReference; explicitFileType = wrapper.cfbundle; includeInIndex = 0; path = "spark-webviewTests.xctest"; sourceTree = BUILT_PRODUCTS_DIR; };
		09AA52BB1AABD73C005E3603 /* Info.plist */ = {isa = PBXFileReference; lastKnownFileType = text.plist.xml; path = Info.plist; sourceTree = "<group>"; };
		09AA52BC1AABD73C005E3603 /* spark_webviewTests.m */ = {isa = PBXFileReference; lastKnownFileType = sourcecode.c.objc; path = spark_webviewTests.m; sourceTree = "<group>"; };
/* End PBXFileReference section */

/* Begin PBXFrameworksBuildPhase section */
		09AA529A1AABD73C005E3603 /* Frameworks */ = {
			isa = PBXFrameworksBuildPhase;
			buildActionMask = 2147483647;
			files = (
			);
			runOnlyForDeploymentPostprocessing = 0;
		};
		09AA52B31AABD73C005E3603 /* Frameworks */ = {
			isa = PBXFrameworksBuildPhase;
			buildActionMask = 2147483647;
			files = (
			);
			runOnlyForDeploymentPostprocessing = 0;
		};
/* End PBXFrameworksBuildPhase section */

/* Begin PBXGroup section */
		09AA52941AABD73C005E3603 = {
			isa = PBXGroup;
			children = (
				09AA529F1AABD73C005E3603 /* spark-webview */,
				09AA52B91AABD73C005E3603 /* spark-webviewTests */,
				09AA529E1AABD73C005E3603 /* Products */,
			);
			sourceTree = "<group>";
		};
		09AA529E1AABD73C005E3603 /* Products */ = {
			isa = PBXGroup;
			children = (
				09AA529D1AABD73C005E3603 /* spark-webview.app */,
				09AA52B61AABD73C005E3603 /* spark-webviewTests.xctest */,
			);
			name = Products;
			sourceTree = "<group>";
		};
		09AA529F1AABD73C005E3603 /* spark-webview */ = {
			isa = PBXGroup;
			children = (
				09AA52A41AABD73C005E3603 /* AppDelegate.h */,
				09AA52A51AABD73C005E3603 /* AppDelegate.m */,
				09AA52AA1AABD73C005E3603 /* Main.storyboard */,
				09AA52AD1AABD73C005E3603 /* Images.xcassets */,
				09AA52AF1AABD73C005E3603 /* LaunchScreen.xib */,
				0974BC6C1ACB3DE800A50630 /* SparkWebview.h */,
				0974BC6D1ACB3DE800A50630 /* SparkWebview.m */,
				0974BC6E1ACB3DE800A50630 /* ViewController.h */,
				0974BC6F1ACB3DE800A50630 /* ViewController.m */,
				09AA52A01AABD73C005E3603 /* Supporting Files */,
			);
			path = "spark-webview";
			sourceTree = "<group>";
		};
		09AA52A01AABD73C005E3603 /* Supporting Files */ = {
			isa = PBXGroup;
			children = (
				09AA52A11AABD73C005E3603 /* Info.plist */,
				09AA52A21AABD73C005E3603 /* main.m */,
			);
			name = "Supporting Files";
			sourceTree = "<group>";
		};
		09AA52B91AABD73C005E3603 /* spark-webviewTests */ = {
			isa = PBXGroup;
			children = (
				09AA52BC1AABD73C005E3603 /* spark_webviewTests.m */,
				09AA52BA1AABD73C005E3603 /* Supporting Files */,
			);
			path = "spark-webviewTests";
			sourceTree = "<group>";
		};
		09AA52BA1AABD73C005E3603 /* Supporting Files */ = {
			isa = PBXGroup;
			children = (
				09AA52BB1AABD73C005E3603 /* Info.plist */,
			);
			name = "Supporting Files";
			sourceTree = "<group>";
		};
/* End PBXGroup section */

/* Begin PBXNativeTarget section */
		09AA529C1AABD73C005E3603 /* spark-webview */ = {
			isa = PBXNativeTarget;
			buildConfigurationList = 09AA52C01AABD73C005E3603 /* Build configuration list for PBXNativeTarget "spark-webview" */;
			buildPhases = (
				09AA52991AABD73C005E3603 /* Sources */,
				09AA529A1AABD73C005E3603 /* Frameworks */,
				09AA529B1AABD73C005E3603 /* Resources */,
			);
			buildRules = (
			);
			dependencies = (
			);
			name = "spark-webview";
			productName = "spark-webview";
			productReference = 09AA529D1AABD73C005E3603 /* spark-webview.app */;
			productType = "com.apple.product-type.application";
		};
		09AA52B51AABD73C005E3603 /* spark-webviewTests */ = {
			isa = PBXNativeTarget;
			buildConfigurationList = 09AA52C31AABD73C005E3603 /* Build configuration list for PBXNativeTarget "spark-webviewTests" */;
			buildPhases = (
				09AA52B21AABD73C005E3603 /* Sources */,
				09AA52B31AABD73C005E3603 /* Frameworks */,
				09AA52B41AABD73C005E3603 /* Resources */,
			);
			buildRules = (
			);
			dependencies = (
				09AA52B81AABD73C005E3603 /* PBXTargetDependency */,
			);
			name = "spark-webviewTests";
			productName = "spark-webviewTests";
			productReference = 09AA52B61AABD73C005E3603 /* spark-webviewTests.xctest */;
			productType = "com.apple.product-type.bundle.unit-test";
		};
/* End PBXNativeTarget section */

/* Begin PBXProject section */
		09AA52951AABD73C005E3603 /* Project object */ = {
			isa = PBXProject;
			attributes = {
				LastUpgradeCheck = 0720;
				ORGANIZATIONNAME = "Spark Apps, LLC";
				TargetAttributes = {
					09AA529C1AABD73C005E3603 = {
						CreatedOnToolsVersion = 6.1.1;
					};
					09AA52B51AABD73C005E3603 = {
						CreatedOnToolsVersion = 6.1.1;
						TestTargetID = 09AA529C1AABD73C005E3603;
					};
				};
			};
			buildConfigurationList = 09AA52981AABD73C005E3603 /* Build configuration list for PBXProject "spark-webview" */;
			compatibilityVersion = "Xcode 3.2";
			developmentRegion = English;
			hasScannedForEncodings = 0;
			knownRegions = (
				en,
				Base,
			);
			mainGroup = 09AA52941AABD73C005E3603;
			productRefGroup = 09AA529E1AABD73C005E3603 /* Products */;
			projectDirPath = "";
			projectRoot = "";
			targets = (
				09AA529C1AABD73C005E3603 /* spark-webview */,
				09AA52B51AABD73C005E3603 /* spark-webviewTests */,
			);
		};
/* End PBXProject section */

/* Begin PBXResourcesBuildPhase section */
		09AA529B1AABD73C005E3603 /* Resources */ = {
			isa = PBXResourcesBuildPhase;
			buildActionMask = 2147483647;
			files = (
				09AA52AC1AABD73C005E3603 /* Main.storyboard in Resources */,
				09AA52B11AABD73C005E3603 /* LaunchScreen.xib in Resources */,
				09AA52AE1AABD73C005E3603 /* Images.xcassets in Resources */,
			);
			runOnlyForDeploymentPostprocessing = 0;
		};
		09AA52B41AABD73C005E3603 /* Resources */ = {
			isa = PBXResourcesBuildPhase;
			buildActionMask = 2147483647;
			files = (
			);
			runOnlyForDeploymentPostprocessing = 0;
		};
/* End PBXResourcesBuildPhase section */

/* Begin PBXSourcesBuildPhase section */
		09AA52991AABD73C005E3603 /* Sources */ = {
			isa = PBXSourcesBuildPhase;
			buildActionMask = 2147483647;
			files = (
				09AA52A61AABD73C005E3603 /* AppDelegate.m in Sources */,
				09AA52A31AABD73C005E3603 /* main.m in Sources */,
				0974BC711ACB3DE800A50630 /* ViewController.m in Sources */,
				0974BC701ACB3DE800A50630 /* SparkWebview.m in Sources */,
			);
			runOnlyForDeploymentPostprocessing = 0;
		};
		09AA52B21AABD73C005E3603 /* Sources */ = {
			isa = PBXSourcesBuildPhase;
			buildActionMask = 2147483647;
			files = (
				09AA52BD1AABD73C005E3603 /* spark_webviewTests.m in Sources */,
			);
			runOnlyForDeploymentPostprocessing = 0;
		};
/* End PBXSourcesBuildPhase section */

/* Begin PBXTargetDependency section */
		09AA52B81AABD73C005E3603 /* PBXTargetDependency */ = {
			isa = PBXTargetDependency;
			target = 09AA529C1AABD73C005E3603 /* spark-webview */;
			targetProxy = 09AA52B71AABD73C005E3603 /* PBXContainerItemProxy */;
		};
/* End PBXTargetDependency section */

/* Begin PBXVariantGroup section */
		09AA52AA1AABD73C005E3603 /* Main.storyboard */ = {
			isa = PBXVariantGroup;
			children = (
				09AA52AB1AABD73C005E3603 /* Base */,
			);
			name = Main.storyboard;
			sourceTree = "<group>";
		};
		09AA52AF1AABD73C005E3603 /* LaunchScreen.xib */ = {
			isa = PBXVariantGroup;
			children = (
				09AA52B01AABD73C005E3603 /* Base */,
			);
			name = LaunchScreen.xib;
			sourceTree = "<group>";
		};
/* End PBXVariantGroup section */

/* Begin XCBuildConfiguration section */
		09AA52BE1AABD73C005E3603 /* Debug */ = {
			isa = XCBuildConfiguration;
			buildSettings = {
				ALWAYS_SEARCH_USER_PATHS = NO;
				CLANG_CXX_LANGUAGE_STANDARD = "gnu++0x";
				CLANG_CXX_LIBRARY = "libc++";
				CLANG_ENABLE_MODULES = YES;
				CLANG_ENABLE_OBJC_ARC = YES;
				CLANG_WARN_BOOL_CONVERSION = YES;
				CLANG_WARN_CONSTANT_CONVERSION = YES;
				CLANG_WARN_DIRECT_OBJC_ISA_USAGE = YES_ERROR;
				CLANG_WARN_EMPTY_BODY = YES;
				CLANG_WARN_ENUM_CONVERSION = YES;
				CLANG_WARN_INT_CONVERSION = YES;
				CLANG_WARN_OBJC_ROOT_CLASS = YES_ERROR;
				CLANG_WARN_UNREACHABLE_CODE = YES;
				CLANG_WARN__DUPLICATE_METHOD_MATCH = YES;
				"CODE_SIGN_IDENTITY[sdk=iphoneos*]" = "iPhone Developer";
				COPY_PHASE_STRIP = NO;
				ENABLE_STRICT_OBJC_MSGSEND = YES;
				ENABLE_TESTABILITY = YES;
				GCC_C_LANGUAGE_STANDARD = gnu99;
				GCC_DYNAMIC_NO_PIC = NO;
				GCC_OPTIMIZATION_LEVEL = 0;
				GCC_PREPROCESSOR_DEFINITIONS = (
					"DEBUG=1",
					"$(inherited)",
				);
				GCC_SYMBOLS_PRIVATE_EXTERN = NO;
				GCC_WARN_64_TO_32_BIT_CONVERSION = YES;
				GCC_WARN_ABOUT_RETURN_TYPE = YES_ERROR;
				GCC_WARN_UNDECLARED_SELECTOR = YES;
				GCC_WARN_UNINITIALIZED_AUTOS = YES_AGGRESSIVE;
				GCC_WARN_UNUSED_FUNCTION = YES;
				GCC_WARN_UNUSED_VARIABLE = YES;
				IPHONEOS_DEPLOYMENT_TARGET = 9.2;
				MTL_ENABLE_DEBUG_INFO = YES;
				ONLY_ACTIVE_ARCH = YES;
				SDKROOT = iphoneos;
			};
			name = Debug;
		};
		09AA52BF1AABD73C005E3603 /* Release */ = {
			isa = XCBuildConfiguration;
			buildSettings = {
				ALWAYS_SEARCH_USER_PATHS = NO;
				CLANG_CXX_LANGUAGE_STANDARD = "gnu++0x";
				CLANG_CXX_LIBRARY = "libc++";
				CLANG_ENABLE_MODULES = YES;
				CLANG_ENABLE_OBJC_ARC = YES;
				CLANG_WARN_BOOL_CONVERSION = YES;
				CLANG_WARN_CONSTANT_CONVERSION = YES;
				CLANG_WARN_DIRECT_OBJC_ISA_USAGE = YES_ERROR;
				CLANG_WARN_EMPTY_BODY = YES;
				CLANG_WARN_ENUM_CONVERSION = YES;
				CLANG_WARN_INT_CONVERSION = YES;
				CLANG_WARN_OBJC_ROOT_CLASS = YES_ERROR;
				CLANG_WARN_UNREACHABLE_CODE = YES;
				CLANG_WARN__DUPLICATE_METHOD_MATCH = YES;
				"CODE_SIGN_IDENTITY[sdk=iphoneos*]" = "iPhone Developer";
				COPY_PHASE_STRIP = YES;
				ENABLE_NS_ASSERTIONS = NO;
				ENABLE_STRICT_OBJC_MSGSEND = YES;
				GCC_C_LANGUAGE_STANDARD = gnu99;
				GCC_WARN_64_TO_32_BIT_CONVERSION = YES;
				GCC_WARN_ABOUT_RETURN_TYPE = YES_ERROR;
				GCC_WARN_UNDECLARED_SELECTOR = YES;
				GCC_WARN_UNINITIALIZED_AUTOS = YES_AGGRESSIVE;
				GCC_WARN_UNUSED_FUNCTION = YES;
				GCC_WARN_UNUSED_VARIABLE = YES;
				IPHONEOS_DEPLOYMENT_TARGET = 9.2;
				MTL_ENABLE_DEBUG_INFO = NO;
				SDKROOT = iphoneos;
				VALIDATE_PRODUCT = YES;
			};
			name = Release;
		};
		09AA52C11AABD73C005E3603 /* Debug */ = {
			isa = XCBuildConfiguration;
			buildSettings = {
				ASSETCATALOG_COMPILER_APPICON_NAME = AppIcon;
				INFOPLIST_FILE = "spark-webview/Info.plist";
				LD_RUNPATH_SEARCH_PATHS = "$(inherited) @executable_path/Frameworks";
				PRODUCT_BUNDLE_IDENTIFIER = "Spark-Apps--LLC.$(PRODUCT_NAME:rfc1034identifier)";
				PRODUCT_NAME = "$(TARGET_NAME)";
				TARGETED_DEVICE_FAMILY = "1,2";
			};
			name = Debug;
		};
		09AA52C21AABD73C005E3603 /* Release */ = {
			isa = XCBuildConfiguration;
			buildSettings = {
				ASSETCATALOG_COMPILER_APPICON_NAME = AppIcon;
				INFOPLIST_FILE = "spark-webview/Info.plist";
				LD_RUNPATH_SEARCH_PATHS = "$(inherited) @executable_path/Frameworks";
				PRODUCT_BUNDLE_IDENTIFIER = "Spark-Apps--LLC.$(PRODUCT_NAME:rfc1034identifier)";
				PRODUCT_NAME = "$(TARGET_NAME)";
				TARGETED_DEVICE_FAMILY = "1,2";
			};
			name = Release;
		};
		09AA52C41AABD73C005E3603 /* Debug */ = {
			isa = XCBuildConfiguration;
			buildSettings = {
				BUNDLE_LOADER = "$(TEST_HOST)";
				FRAMEWORK_SEARCH_PATHS = (
					"$(SDKROOT)/Developer/Library/Frameworks",
					"$(inherited)",
				);
				GCC_PREPROCESSOR_DEFINITIONS = (
					"DEBUG=1",
					"$(inherited)",
				);
				INFOPLIST_FILE = "spark-webviewTests/Info.plist";
				LD_RUNPATH_SEARCH_PATHS = "$(inherited) @executable_path/Frameworks @loader_path/Frameworks";
				PRODUCT_BUNDLE_IDENTIFIER = "Spark-Apps--LLC.$(PRODUCT_NAME:rfc1034identifier)";
				PRODUCT_NAME = "$(TARGET_NAME)";
				TEST_HOST = "$(BUILT_PRODUCTS_DIR)/spark-webview.app/spark-webview";
			};
			name = Debug;
		};
		09AA52C51AABD73C005E3603 /* Release */ = {
			isa = XCBuildConfiguration;
			buildSettings = {
				BUNDLE_LOADER = "$(TEST_HOST)";
				FRAMEWORK_SEARCH_PATHS = (
					"$(SDKROOT)/Developer/Library/Frameworks",
					"$(inherited)",
				);
				INFOPLIST_FILE = "spark-webviewTests/Info.plist";
				LD_RUNPATH_SEARCH_PATHS = "$(inherited) @executable_path/Frameworks @loader_path/Frameworks";
				PRODUCT_BUNDLE_IDENTIFIER = "Spark-Apps--LLC.$(PRODUCT_NAME:rfc1034identifier)";
				PRODUCT_NAME = "$(TARGET_NAME)";
				TEST_HOST = "$(BUILT_PRODUCTS_DIR)/spark-webview.app/spark-webview";
			};
			name = Release;
		};
/* End XCBuildConfiguration section */

/* Begin XCConfigurationList section */
		09AA52981AABD73C005E3603 /* Build configuration list for PBXProject "spark-webview" */ = {
			isa = XCConfigurationList;
			buildConfigurations = (
				09AA52BE1AABD73C005E3603 /* Debug */,
				09AA52BF1AABD73C005E3603 /* Release */,
			);
			defaultConfigurationIsVisible = 0;
			defaultConfigurationName = Release;
		};
		09AA52C01AABD73C005E3603 /* Build configuration list for PBXNativeTarget "spark-webview" */ = {
			isa = XCConfigurationList;
			buildConfigurations = (
				09AA52C11AABD73C005E3603 /* Debug */,
				09AA52C21AABD73C005E3603 /* Release */,
			);
			defaultConfigurationIsVisible = 0;
			defaultConfigurationName = Release;
		};
		09AA52C31AABD73C005E3603 /* Build configuration list for PBXNativeTarget "spark-webviewTests" */ = {
			isa = XCConfigurationList;
			buildConfigurations = (
				09AA52C41AABD73C005E3603 /* Debug */,
				09AA52C51AABD73C005E3603 /* Release */,
			);
			defaultConfigurationIsVisible = 0;
			defaultConfigurationName = Release;
		};
/* End XCConfigurationList section */
	};
	rootObject = 09AA52951AABD73C005E3603 /* Project object */;
}
